
Microsoft Visual Studio Solution File, Format Version 12.00
# Visual Studio Version 16
VisualStudioVersion = 16.0.30611.23
MinimumVisualStudioVersion = 10.0.40219.1
Project("{FAE04EC0-301F-11D3-BF4B-00C04F79EFBC}") = "AuthSystem", "AuthSystem\AuthSystem.csproj", "{8CCCAC61-636B-4DBE-A57E-50EF3836E9CF}"
EndProject
Global
	GlobalSection(SolutionConfigurationPlatforms) = preSolution
		Debug|Any CPU = Debug|Any CPU
		Release|Any CPU = Release|Any CPU
	EndGlobalSection
	GlobalSection(ProjectConfigurationPlatforms) = postSolution
		{8CCCAC61-636B-4DBE-A57E-50EF3836E9CF}.Debug|Any CPU.ActiveCfg = Debug|Any CPU
		{8CCCAC61-636B-4DBE-A57E-50EF3836E9CF}.Debug|Any CPU.Build.0 = Debug|Any CPU
		{8CCCAC61-636B-4DBE-A57E-50EF3836E9CF}.Release|Any CPU.ActiveCfg = Release|Any CPU
		{8CCCAC61-636B-4DBE-A57E-50EF3836E9CF}.Release|Any CPU.Build.0 = Release|Any CPU
	EndGlobalSection
	GlobalSection(SolutionProperties) = preSolution
		HideSolutionNode = FALSE
	EndGlobalSection
	GlobalSection(ExtensibilityGlobals) = postSolution
		SolutionGuid = {C5BCF9D0-B7A0-4273-9E1D-FDAD0E1B0492}
	EndGlobalSection
EndGlobal
